// !$*UTF8*$!
{
	archiveVersion = 1;
	classes = {
	};
	objectVersion = 46;
	objects = {

/* Begin PBXBuildFile section */
		A46149EF1B737F6200C4109E /* main.m in Sources */ = {isa = PBXBuildFile; fileRef = A46149EE1B737F6200C4109E /* main.m */; };
		A46149F21B737F6200C4109E /* AppDelegate.m in Sources */ = {isa = PBXBuildFile; fileRef = A46149F11B737F6200C4109E /* AppDelegate.m */; };
		A46149F51B737F6200C4109E /* ViewController.m in Sources */ = {isa = PBXBuildFile; fileRef = A46149F41B737F6200C4109E /* ViewController.m */; };
		A46149F81B737F6200C4109E /* Main.storyboard in Resources */ = {isa = PBXBuildFile; fileRef = A46149F61B737F6200C4109E /* Main.storyboard */; };
		A46149FA1B737F6200C4109E /* Images.xcassets in Resources */ = {isa = PBXBuildFile; fileRef = A46149F91B737F6200C4109E /* Images.xcassets */; };
		A46149FD1B737F6200C4109E /* LaunchScreen.xib in Resources */ = {isa = PBXBuildFile; fileRef = A46149FB1B737F6200C4109E /* LaunchScreen.xib */; };
		A4614A091B737F6200C4109E /* FanWeighInTests.m in Sources */ = {isa = PBXBuildFile; fileRef = A4614A081B737F6200C4109E /* FanWeighInTests.m */; };
		A4614A151B737F9900C4109E /* RegisterViewController.m in Sources */ = {isa = PBXBuildFile; fileRef = A4614A131B737F9900C4109E /* RegisterViewController.m */; };
		A4614A161B737F9900C4109E /* RegisterViewController.xib in Resources */ = {isa = PBXBuildFile; fileRef = A4614A141B737F9900C4109E /* RegisterViewController.xib */; };
		A4614A1A1B737FD400C4109E /* UpdateViewController.m in Sources */ = {isa = PBXBuildFile; fileRef = A4614A181B737FD400C4109E /* UpdateViewController.m */; };
		A4614A1B1B737FD400C4109E /* UpdateViewController.xib in Resources */ = {isa = PBXBuildFile; fileRef = A4614A191B737FD400C4109E /* UpdateViewController.xib */; };
		A4614A1F1B737FF800C4109E /* HomeViewController.m in Sources */ = {isa = PBXBuildFile; fileRef = A4614A1D1B737FF800C4109E /* HomeViewController.m */; };
		A4614A201B737FF800C4109E /* HomeViewController.xib in Resources */ = {isa = PBXBuildFile; fileRef = A4614A1E1B737FF800C4109E /* HomeViewController.xib */; };
		A4614A241B73802B00C4109E /* WorkoutViewController.m in Sources */ = {isa = PBXBuildFile; fileRef = A4614A221B73802B00C4109E /* WorkoutViewController.m */; };
		A4614A251B73802B00C4109E /* WorkoutViewController.xib in Resources */ = {isa = PBXBuildFile; fileRef = A4614A231B73802B00C4109E /* WorkoutViewController.xib */; };
		A4614A2D1B73A1D400C4109E /* bg1.png in Resources */ = {isa = PBXBuildFile; fileRef = A4614A271B73A1D400C4109E /* bg1.png */; };
		A4614A2E1B73A1D400C4109E /* bg4.png in Resources */ = {isa = PBXBuildFile; fileRef = A4614A281B73A1D400C4109E /* bg4.png */; };
		A4614A2F1B73A1D400C4109E /* btnbg.png in Resources */ = {isa = PBXBuildFile; fileRef = A4614A291B73A1D400C4109E /* btnbg.png */; };
		A4614A301B73A1D400C4109E /* countdownbg.png in Resources */ = {isa = PBXBuildFile; fileRef = A4614A2A1B73A1D400C4109E /* countdownbg.png */; };
		A4614A311B73A1D400C4109E /* fanweighinlogo.png in Resources */ = {isa = PBXBuildFile; fileRef = A4614A2B1B73A1D400C4109E /* fanweighinlogo.png */; };
		A4614A321B73A1D400C4109E /* weightclassbg.png in Resources */ = {isa = PBXBuildFile; fileRef = A4614A2C1B73A1D400C4109E /* weightclassbg.png */; };
/* End PBXBuildFile section */

/* Begin PBXContainerItemProxy section */
		A4614A031B737F6200C4109E /* PBXContainerItemProxy */ = {
			isa = PBXContainerItemProxy;
			containerPortal = A46149E11B737F6200C4109E /* Project object */;
			proxyType = 1;
			remoteGlobalIDString = A46149E81B737F6200C4109E;
			remoteInfo = FanWeighIn;
		};
/* End PBXContainerItemProxy section */

/* Begin PBXFileReference section */
		A46149E91B737F6200C4109E /* FanWeighIn.app */ = {isa = PBXFileReference; explicitFileType = wrapper.application; includeInIndex = 0; path = FanWeighIn.app; sourceTree = BUILT_PRODUCTS_DIR; };
		A46149ED1B737F6200C4109E /* Info.plist */ = {isa = PBXFileReference; lastKnownFileType = text.plist.xml; path = Info.plist; sourceTree = "<group>"; };
		A46149EE1B737F6200C4109E /* main.m */ = {isa = PBXFileReference; lastKnownFileType = sourcecode.c.objc; path = main.m; sourceTree = "<group>"; };
		A46149F01B737F6200C4109E /* AppDelegate.h */ = {isa = PBXFileReference; lastKnownFileType = sourcecode.c.h; path = AppDelegate.h; sourceTree = "<group>"; };
		A46149F11B737F6200C4109E /* AppDelegate.m */ = {isa = PBXFileReference; lastKnownFileType = sourcecode.c.objc; path = AppDelegate.m; sourceTree = "<group>"; };
		A46149F31B737F6200C4109E /* ViewController.h */ = {isa = PBXFileReference; lastKnownFileType = sourcecode.c.h; path = ViewController.h; sourceTree = "<group>"; };
		A46149F41B737F6200C4109E /* ViewController.m */ = {isa = PBXFileReference; lastKnownFileType = sourcecode.c.objc; path = ViewController.m; sourceTree = "<group>"; };
		A46149F71B737F6200C4109E /* Base */ = {isa = PBXFileReference; lastKnownFileType = file.storyboard; name = Base; path = Base.lproj/Main.storyboard; sourceTree = "<group>"; };
		A46149F91B737F6200C4109E /* Images.xcassets */ = {isa = PBXFileReference; lastKnownFileType = folder.assetcatalog; path = Images.xcassets; sourceTree = "<group>"; };
		A46149FC1B737F6200C4109E /* Base */ = {isa = PBXFileReference; lastKnownFileType = file.xib; name = Base; path = Base.lproj/LaunchScreen.xib; sourceTree = "<group>"; };
		A4614A021B737F6200C4109E /* FanWeighInTests.xctest */ = {isa = PBXFileReference; explicitFileType = wrapper.cfbundle; includeInIndex = 0; path = FanWeighInTests.xctest; sourceTree = BUILT_PRODUCTS_DIR; };
		A4614A071B737F6200C4109E /* Info.plist */ = {isa = PBXFileReference; lastKnownFileType = text.plist.xml; path = Info.plist; sourceTree = "<group>"; };
		A4614A081B737F6200C4109E /* FanWeighInTests.m */ = {isa = PBXFileReference; lastKnownFileType = sourcecode.c.objc; path = FanWeighInTests.m; sourceTree = "<group>"; };
		A4614A121B737F9900C4109E /* RegisterViewController.h */ = {isa = PBXFileReference; fileEncoding = 4; lastKnownFileType = sourcecode.c.h; path = RegisterViewController.h; sourceTree = "<group>"; };
		A4614A131B737F9900C4109E /* RegisterViewController.m */ = {isa = PBXFileReference; fileEncoding = 4; lastKnownFileType = sourcecode.c.objc; path = RegisterViewController.m; sourceTree = "<group>"; };
		A4614A141B737F9900C4109E /* RegisterViewController.xib */ = {isa = PBXFileReference; fileEncoding = 4; lastKnownFileType = file.xib; path = RegisterViewController.xib; sourceTree = "<group>"; };
		A4614A171B737FD400C4109E /* UpdateViewController.h */ = {isa = PBXFileReference; fileEncoding = 4; lastKnownFileType = sourcecode.c.h; path = UpdateViewController.h; sourceTree = "<group>"; };
		A4614A181B737FD400C4109E /* UpdateViewController.m */ = {isa = PBXFileReference; fileEncoding = 4; lastKnownFileType = sourcecode.c.objc; path = UpdateViewController.m; sourceTree = "<group>"; };
		A4614A191B737FD400C4109E /* UpdateViewController.xib */ = {isa = PBXFileReference; fileEncoding = 4; lastKnownFileType = file.xib; path = UpdateViewController.xib; sourceTree = "<group>"; };
		A4614A1C1B737FF800C4109E /* HomeViewController.h */ = {isa = PBXFileReference; fileEncoding = 4; lastKnownFileType = sourcecode.c.h; path = HomeViewController.h; sourceTree = "<group>"; };
		A4614A1D1B737FF800C4109E /* HomeViewController.m */ = {isa = PBXFileReference; fileEncoding = 4; lastKnownFileType = sourcecode.c.objc; path = HomeViewController.m; sourceTree = "<group>"; };
		A4614A1E1B737FF800C4109E /* HomeViewController.xib */ = {isa = PBXFileReference; fileEncoding = 4; lastKnownFileType = file.xib; path = HomeViewController.xib; sourceTree = "<group>"; };
		A4614A211B73802B00C4109E /* WorkoutViewController.h */ = {isa = PBXFileReference; fileEncoding = 4; lastKnownFileType = sourcecode.c.h; path = WorkoutViewController.h; sourceTree = "<group>"; };
		A4614A221B73802B00C4109E /* WorkoutViewController.m */ = {isa = PBXFileReference; fileEncoding = 4; lastKnownFileType = sourcecode.c.objc; path = WorkoutViewController.m; sourceTree = "<group>"; };
		A4614A231B73802B00C4109E /* WorkoutViewController.xib */ = {isa = PBXFileReference; fileEncoding = 4; lastKnownFileType = file.xib; path = WorkoutViewController.xib; sourceTree = "<group>"; };
		A4614A271B73A1D400C4109E /* bg1.png */ = {isa = PBXFileReference; lastKnownFileType = image.png; name = bg1.png; path = "../../../Users/arvind/Downloads/weight in images/bg1.png"; sourceTree = "<group>"; };
		A4614A281B73A1D400C4109E /* bg4.png */ = {isa = PBXFileReference; lastKnownFileType = image.png; name = bg4.png; path = "../../../Users/arvind/Downloads/weight in images/bg4.png"; sourceTree = "<group>"; };
		A4614A291B73A1D400C4109E /* btnbg.png */ = {isa = PBXFileReference; lastKnownFileType = image.png; name = btnbg.png; path = "../../../Users/arvind/Downloads/weight in images/btnbg.png"; sourceTree = "<group>"; };
		A4614A2A1B73A1D400C4109E /* countdownbg.png */ = {isa = PBXFileReference; lastKnownFileType = image.png; name = countdownbg.png; path = "../../../Users/arvind/Downloads/weight in images/countdownbg.png"; sourceTree = "<group>"; };
		A4614A2B1B73A1D400C4109E /* fanweighinlogo.png */ = {isa = PBXFileReference; lastKnownFileType = image.png; name = fanweighinlogo.png; path = "../../../Users/arvind/Downloads/weight in images/fanweighinlogo.png"; sourceTree = "<group>"; };
		A4614A2C1B73A1D400C4109E /* weightclassbg.png */ = {isa = PBXFileReference; lastKnownFileType = image.png; name = weightclassbg.png; path = "../../../Users/arvind/Downloads/weight in images/weightclassbg.png"; sourceTree = "<group>"; };
/* End PBXFileReference section */

/* Begin PBXFrameworksBuildPhase section */
		A46149E61B737F6200C4109E /* Frameworks */ = {
			isa = PBXFrameworksBuildPhase;
			buildActionMask = 2147483647;
			files = (
			);
			runOnlyForDeploymentPostprocessing = 0;
		};
		A46149FF1B737F6200C4109E /* Frameworks */ = {
			isa = PBXFrameworksBuildPhase;
			buildActionMask = 2147483647;
			files = (
			);
			runOnlyForDeploymentPostprocessing = 0;
		};
/* End PBXFrameworksBuildPhase section */

/* Begin PBXGroup section */
		A46149E01B737F6200C4109E = {
			isa = PBXGroup;
			children = (
				A46149EB1B737F6200C4109E /* FanWeighIn */,
				A4614A051B737F6200C4109E /* FanWeighInTests */,
				A46149EA1B737F6200C4109E /* Products */,
			);
			sourceTree = "<group>";
		};
		A46149EA1B737F6200C4109E /* Products */ = {
			isa = PBXGroup;
			children = (
				A46149E91B737F6200C4109E /* FanWeighIn.app */,
				A4614A021B737F6200C4109E /* FanWeighInTests.xctest */,
			);
			name = Products;
			sourceTree = "<group>";
		};
		A46149EB1B737F6200C4109E /* FanWeighIn */ = {
			isa = PBXGroup;
			children = (
				A46149F01B737F6200C4109E /* AppDelegate.h */,
				A46149F11B737F6200C4109E /* AppDelegate.m */,
				A46149F31B737F6200C4109E /* ViewController.h */,
				A46149F41B737F6200C4109E /* ViewController.m */,
				A46149F61B737F6200C4109E /* Main.storyboard */,
				A4614A121B737F9900C4109E /* RegisterViewController.h */,
				A4614A131B737F9900C4109E /* RegisterViewController.m */,
				A4614A141B737F9900C4109E /* RegisterViewController.xib */,
				A4614A1C1B737FF800C4109E /* HomeViewController.h */,
				A4614A1D1B737FF800C4109E /* HomeViewController.m */,
				A4614A1E1B737FF800C4109E /* HomeViewController.xib */,
				A4614A171B737FD400C4109E /* UpdateViewController.h */,
				A4614A181B737FD400C4109E /* UpdateViewController.m */,
				A4614A191B737FD400C4109E /* UpdateViewController.xib */,
				A4614A211B73802B00C4109E /* WorkoutViewController.h */,
				A4614A221B73802B00C4109E /* WorkoutViewController.m */,
				A4614A231B73802B00C4109E /* WorkoutViewController.xib */,
				A46149F91B737F6200C4109E /* Images.xcassets */,
				A46149FB1B737F6200C4109E /* LaunchScreen.xib */,
				A46149EC1B737F6200C4109E /* Supporting Files */,
			);
			path = FanWeighIn;
			sourceTree = "<group>";
		};
		A46149EC1B737F6200C4109E /* Supporting Files */ = {
			isa = PBXGroup;
			children = (
				A4614A261B73A19D00C4109E /* Images */,
				A46149ED1B737F6200C4109E /* Info.plist */,
				A46149EE1B737F6200C4109E /* main.m */,
			);
			name = "Supporting Files";
			sourceTree = "<group>";
		};
		A4614A051B737F6200C4109E /* FanWeighInTests */ = {
			isa = PBXGroup;
			children = (
				A4614A081B737F6200C4109E /* FanWeighInTests.m */,
				A4614A061B737F6200C4109E /* Supporting Files */,
			);
			path = FanWeighInTests;
			sourceTree = "<group>";
		};
		A4614A061B737F6200C4109E /* Supporting Files */ = {
			isa = PBXGroup;
			children = (
				A4614A071B737F6200C4109E /* Info.plist */,
			);
			name = "Supporting Files";
			sourceTree = "<group>";
		};
		A4614A261B73A19D00C4109E /* Images */ = {
			isa = PBXGroup;
			children = (
				A4614A271B73A1D400C4109E /* bg1.png */,
				A4614A281B73A1D400C4109E /* bg4.png */,
				A4614A291B73A1D400C4109E /* btnbg.png */,
				A4614A2A1B73A1D400C4109E /* countdownbg.png */,
				A4614A2B1B73A1D400C4109E /* fanweighinlogo.png */,
				A4614A2C1B73A1D400C4109E /* weightclassbg.png */,
			);
			name = Images;
			sourceTree = "<group>";
		};
/* End PBXGroup section */

/* Begin PBXNativeTarget section */
		A46149E81B737F6200C4109E /* FanWeighIn */ = {
			isa = PBXNativeTarget;
			buildConfigurationList = A4614A0C1B737F6200C4109E /* Build configuration list for PBXNativeTarget "FanWeighIn" */;
			buildPhases = (
				A46149E51B737F6200C4109E /* Sources */,
				A46149E61B737F6200C4109E /* Frameworks */,
				A46149E71B737F6200C4109E /* Resources */,
			);
			buildRules = (
			);
			dependencies = (
			);
			name = FanWeighIn;
			productName = FanWeighIn;
			productReference = A46149E91B737F6200C4109E /* FanWeighIn.app */;
			productType = "com.apple.product-type.application";
		};
		A4614A011B737F6200C4109E /* FanWeighInTests */ = {
			isa = PBXNativeTarget;
			buildConfigurationList = A4614A0F1B737F6200C4109E /* Build configuration list for PBXNativeTarget "FanWeighInTests" */;
			buildPhases = (
				A46149FE1B737F6200C4109E /* Sources */,
				A46149FF1B737F6200C4109E /* Frameworks */,
				A4614A001B737F6200C4109E /* Resources */,
			);
			buildRules = (
			);
			dependencies = (
				A4614A041B737F6200C4109E /* PBXTargetDependency */,
			);
			name = FanWeighInTests;
			productName = FanWeighInTests;
			productReference = A4614A021B737F6200C4109E /* FanWeighInTests.xctest */;
			productType = "com.apple.product-type.bundle.unit-test";
		};
/* End PBXNativeTarget section */

/* Begin PBXProject section */
		A46149E11B737F6200C4109E /* Project object */ = {
			isa = PBXProject;
			attributes = {
				LastUpgradeCheck = 0630;
				ORGANIZATIONNAME = arvind;
				TargetAttributes = {
					A46149E81B737F6200C4109E = {
						CreatedOnToolsVersion = 6.3.2;
					};
					A4614A011B737F6200C4109E = {
						CreatedOnToolsVersion = 6.3.2;
						TestTargetID = A46149E81B737F6200C4109E;
					};
				};
			};
			buildConfigurationList = A46149E41B737F6200C4109E /* Build configuration list for PBXProject "FanWeighIn" */;
			compatibilityVersion = "Xcode 3.2";
			developmentRegion = English;
			hasScannedForEncodings = 0;
			knownRegions = (
				en,
				Base,
			);
			mainGroup = A46149E01B737F6200C4109E;
			productRefGroup = A46149EA1B737F6200C4109E /* Products */;
			projectDirPath = "";
			projectRoot = "";
			targets = (
				A46149E81B737F6200C4109E /* FanWeighIn */,
				A4614A011B737F6200C4109E /* FanWeighInTests */,
			);
		};
/* End PBXProject section */

/* Begin PBXResourcesBuildPhase section */
		A46149E71B737F6200C4109E /* Resources */ = {
			isa = PBXResourcesBuildPhase;
			buildActionMask = 2147483647;
			files = (
				A46149F81B737F6200C4109E /* Main.storyboard in Resources */,
				A4614A321B73A1D400C4109E /* weightclassbg.png in Resources */,
				A4614A1B1B737FD400C4109E /* UpdateViewController.xib in Resources */,
				A46149FD1B737F6200C4109E /* LaunchScreen.xib in Resources */,
				A4614A2E1B73A1D400C4109E /* bg4.png in Resources */,
				A4614A301B73A1D400C4109E /* countdownbg.png in Resources */,
				A4614A251B73802B00C4109E /* WorkoutViewController.xib in Resources */,
				A4614A2D1B73A1D400C4109E /* bg1.png in Resources */,
				A46149FA1B737F6200C4109E /* Images.xcassets in Resources */,
				A4614A2F1B73A1D400C4109E /* btnbg.png in Resources */,
				A4614A161B737F9900C4109E /* RegisterViewController.xib in Resources */,
				A4614A311B73A1D400C4109E /* fanweighinlogo.png in Resources */,
				A4614A201B737FF800C4109E /* HomeViewController.xib in Resources */,
			);
			runOnlyForDeploymentPostprocessing = 0;
		};
		A4614A001B737F6200C4109E /* Resources */ = {
			isa = PBXResourcesBuildPhase;
			buildActionMask = 2147483647;
			files = (
			);
			runOnlyForDeploymentPostprocessing = 0;
		};
/* End PBXResourcesBuildPhase section */

/* Begin PBXSourcesBuildPhase section */
		A46149E51B737F6200C4109E /* Sources */ = {
			isa = PBXSourcesBuildPhase;
			buildActionMask = 2147483647;
			files = (
				A46149F51B737F6200C4109E /* ViewController.m in Sources */,
				A46149F21B737F6200C4109E /* AppDelegate.m in Sources */,
				A4614A1A1B737FD400C4109E /* UpdateViewController.m in Sources */,
				A46149EF1B737F6200C4109E /* main.m in Sources */,
				A4614A151B737F9900C4109E /* RegisterViewController.m in Sources */,
				A4614A1F1B737FF800C4109E /* HomeViewController.m in Sources */,
				A4614A241B73802B00C4109E /* WorkoutViewController.m in Sources */,
			);
			runOnlyForDeploymentPostprocessing = 0;
		};
		A46149FE1B737F6200C4109E /* Sources */ = {
			isa = PBXSourcesBuildPhase;
			buildActionMask = 2147483647;
			files = (
				A4614A091B737F6200C4109E /* FanWeighInTests.m in Sources */,
			);
			runOnlyForDeploymentPostprocessing = 0;
		};
/* End PBXSourcesBuildPhase section */

/* Begin PBXTargetDependency section */
		A4614A041B737F6200C4109E /* PBXTargetDependency */ = {
			isa = PBXTargetDependency;
			target = A46149E81B737F6200C4109E /* FanWeighIn */;
			targetProxy = A4614A031B737F6200C4109E /* PBXContainerItemProxy */;
		};
/* End PBXTargetDependency section */

/* Begin PBXVariantGroup section */
		A46149F61B737F6200C4109E /* Main.storyboard */ = {
			isa = PBXVariantGroup;
			children = (
				A46149F71B737F6200C4109E /* Base */,
			);
			name = Main.storyboard;
			sourceTree = "<group>";
		};
		A46149FB1B737F6200C4109E /* LaunchScreen.xib */ = {
			isa = PBXVariantGroup;
			children = (
				A46149FC1B737F6200C4109E /* Base */,
			);
			name = LaunchScreen.xib;
			sourceTree = "<group>";
		};
/* End PBXVariantGroup section */

/* Begin XCBuildConfiguration section */
		A4614A0A1B737F6200C4109E /* Debug */ = {
			isa = XCBuildConfiguration;
			buildSettings = {
				ALWAYS_SEARCH_USER_PATHS = NO;
				CLANG_CXX_LANGUAGE_STANDARD = "gnu++0x";
				CLANG_CXX_LIBRARY = "libc++";
				CLANG_ENABLE_MODULES = YES;
				CLANG_ENABLE_OBJC_ARC = YES;
				CLANG_WARN_BOOL_CONVERSION = YES;
				CLANG_WARN_CONSTANT_CONVERSION = YES;
				CLANG_WARN_DIRECT_OBJC_ISA_USAGE = YES_ERROR;
				CLANG_WARN_EMPTY_BODY = YES;
				CLANG_WARN_ENUM_CONVERSION = YES;
				CLANG_WARN_INT_CONVERSION = YES;
				CLANG_WARN_OBJC_ROOT_CLASS = YES_ERROR;
				CLANG_WARN_UNREACHABLE_CODE = YES;
				CLANG_WARN__DUPLICATE_METHOD_MATCH = YES;
				"CODE_SIGN_IDENTITY[sdk=iphoneos*]" = "iPhone Developer";
				COPY_PHASE_STRIP = NO;
				DEBUG_INFORMATION_FORMAT = "dwarf-with-dsym";
				ENABLE_STRICT_OBJC_MSGSEND = YES;
				GCC_C_LANGUAGE_STANDARD = gnu99;
				GCC_DYNAMIC_NO_PIC = NO;
				GCC_NO_COMMON_BLOCKS = YES;
				GCC_OPTIMIZATION_LEVEL = 0;
				GCC_PREPROCESSOR_DEFINITIONS = (
					"DEBUG=1",
					"$(inherited)",
				);
				GCC_SYMBOLS_PRIVATE_EXTERN = NO;
				GCC_WARN_64_TO_32_BIT_CONVERSION = YES;
				GCC_WARN_ABOUT_RETURN_TYPE = YES_ERROR;
				GCC_WARN_UNDECLARED_SELECTOR = YES;
				GCC_WARN_UNINITIALIZED_AUTOS = YES_AGGRESSIVE;
				GCC_WARN_UNUSED_FUNCTION = YES;
				GCC_WARN_UNUSED_VARIABLE = YES;
				IPHONEOS_DEPLOYMENT_TARGET = 8.3;
				MTL_ENABLE_DEBUG_INFO = YES;
				ONLY_ACTIVE_ARCH = YES;
				SDKROOT = iphoneos;
				TARGETED_DEVICE_FAMILY = "1,2";
			};
			name = Debug;
		};
		A4614A0B1B737F6200C4109E /* Release */ = {
			isa = XCBuildConfiguration;
			buildSettings = {
				ALWAYS_SEARCH_USER_PATHS = NO;
				CLANG_CXX_LANGUAGE_STANDARD = "gnu++0x";
				CLANG_CXX_LIBRARY = "libc++";
				CLANG_ENABLE_MODULES = YES;
				CLANG_ENABLE_OBJC_ARC = YES;
				CLANG_WARN_BOOL_CONVERSION = YES;
				CLANG_WARN_CONSTANT_CONVERSION = YES;
				CLANG_WARN_DIRECT_OBJC_ISA_USAGE = YES_ERROR;
				CLANG_WARN_EMPTY_BODY = YES;
				CLANG_WARN_ENUM_CONVERSION = YES;
				CLANG_WARN_INT_CONVERSION = YES;
				CLANG_WARN_OBJC_ROOT_CLASS = YES_ERROR;
				CLANG_WARN_UNREACHABLE_CODE = YES;
				CLANG_WARN__DUPLICATE_METHOD_MATCH = YES;
				"CODE_SIGN_IDENTITY[sdk=iphoneos*]" = "iPhone Developer";
				COPY_PHASE_STRIP = NO;
				DEBUG_INFORMATION_FORMAT = "dwarf-with-dsym";
				ENABLE_NS_ASSERTIONS = NO;
				ENABLE_STRICT_OBJC_MSGSEND = YES;
				GCC_C_LANGUAGE_STANDARD = gnu99;
				GCC_NO_COMMON_BLOCKS = YES;
				GCC_WARN_64_TO_32_BIT_CONVERSION = YES;
				GCC_WARN_ABOUT_RETURN_TYPE = YES_ERROR;
				GCC_WARN_UNDECLARED_SELECTOR = YES;
				GCC_WARN_UNINITIALIZED_AUTOS = YES_AGGRESSIVE;
				GCC_WARN_UNUSED_FUNCTION = YES;
				GCC_WARN_UNUSED_VARIABLE = YES;
				IPHONEOS_DEPLOYMENT_TARGET = 8.3;
				MTL_ENABLE_DEBUG_INFO = NO;
				SDKROOT = iphoneos;
				TARGETED_DEVICE_FAMILY = "1,2";
				VALIDATE_PRODUCT = YES;
			};
			name = Release;
		};
		A4614A0D1B737F6200C4109E /* Debug */ = {
			isa = XCBuildConfiguration;
			buildSettings = {
				ASSETCATALOG_COMPILER_APPICON_NAME = AppIcon;
				INFOPLIST_FILE = FanWeighIn/Info.plist;
				LD_RUNPATH_SEARCH_PATHS = "$(inherited) @executable_path/Frameworks";
				PRODUCT_NAME = "$(TARGET_NAME)";
			};
			name = Debug;
		};
		A4614A0E1B737F6200C4109E /* Release */ = {
			isa = XCBuildConfiguration;
			buildSettings = {
				ASSETCATALOG_COMPILER_APPICON_NAME = AppIcon;
				INFOPLIST_FILE = FanWeighIn/Info.plist;
				LD_RUNPATH_SEARCH_PATHS = "$(inherited) @executable_path/Frameworks";
				PRODUCT_NAME = "$(TARGET_NAME)";
			};
			name = Release;
		};
		A4614A101B737F6200C4109E /* Debug */ = {
			isa = XCBuildConfiguration;
			buildSettings = {
				BUNDLE_LOADER = "$(TEST_HOST)";
				FRAMEWORK_SEARCH_PATHS = (
					"$(SDKROOT)/Developer/Library/Frameworks",
					"$(inherited)",
				);
				GCC_PREPROCESSOR_DEFINITIONS = (
					"DEBUG=1",
					"$(inherited)",
				);
				INFOPLIST_FILE = FanWeighInTests/Info.plist;
				LD_RUNPATH_SEARCH_PATHS = "$(inherited) @executable_path/Frameworks @loader_path/Frameworks";
				PRODUCT_NAME = "$(TARGET_NAME)";
				TEST_HOST = "$(BUILT_PRODUCTS_DIR)/FanWeighIn.app/FanWeighIn";
			};
			name = Debug;
		};
		A4614A111B737F6200C4109E /* Release */ = {
			isa = XCBuildConfiguration;
			buildSettings = {
				BUNDLE_LOADER = "$(TEST_HOST)";
				FRAMEWORK_SEARCH_PATHS = (
					"$(SDKROOT)/Developer/Library/Frameworks",
					"$(inherited)",
				);
				INFOPLIST_FILE = FanWeighInTests/Info.plist;
				LD_RUNPATH_SEARCH_PATHS = "$(inherited) @executable_path/Frameworks @loader_path/Frameworks";
				PRODUCT_NAME = "$(TARGET_NAME)";
				TEST_HOST = "$(BUILT_PRODUCTS_DIR)/FanWeighIn.app/FanWeighIn";
			};
			name = Release;
		};
/* End XCBuildConfiguration section */

/* Begin XCConfigurationList section */
		A46149E41B737F6200C4109E /* Build configuration list for PBXProject "FanWeighIn" */ = {
			isa = XCConfigurationList;
			buildConfigurations = (
				A4614A0A1B737F6200C4109E /* Debug */,
				A4614A0B1B737F6200C4109E /* Release */,
			);
			defaultConfigurationIsVisible = 0;
			defaultConfigurationName = Release;
		};
		A4614A0C1B737F6200C4109E /* Build configuration list for PBXNativeTarget "FanWeighIn" */ = {
			isa = XCConfigurationList;
			buildConfigurations = (
				A4614A0D1B737F6200C4109E /* Debug */,
				A4614A0E1B737F6200C4109E /* Release */,
			);
			defaultConfigurationIsVisible = 0;
			defaultConfigurationName = Release;
		};
		A4614A0F1B737F6200C4109E /* Build configuration list for PBXNativeTarget "FanWeighInTests" */ = {
			isa = XCConfigurationList;
			buildConfigurations = (
				A4614A101B737F6200C4109E /* Debug */,
				A4614A111B737F6200C4109E /* Release */,
			);
			defaultConfigurationIsVisible = 0;
			defaultConfigurationName = Release;
		};
/* End XCConfigurationList section */
	};
	rootObject = A46149E11B737F6200C4109E /* Project object */;
}
